{
  "requires": true,
  "lockfileVersion": 1,
  "dependencies": {
    "@angular/animation": {
      "version": "4.0.0-beta.8",
      "resolved": "https://registry.npmjs.org/@angular/animation/-/animation-4.0.0-beta.8.tgz",
      "integrity": "sha1-n2G07oT/To9Iq7DrSf/wK97czC4="
    },
    "@angular/cdk": {
      "version": "10.2.0",
      "resolved": "https://registry.npmjs.org/@angular/cdk/-/cdk-10.2.0.tgz",
      "integrity": "sha512-KYEBOuGimnWtYS8KvLz/dPWC2pzDzKh1ETkvyJCSm5yXZgNPdj1XatbGQrnQgy9vJwxjbZQ1s8P9tzWx1Dj7dg==",
      "requires": {
        "parse5": "^5.0.0",
        "tslib": "^2.0.0"
      }
    },
    "@angular/material": {
      "version": "10.2.0",
      "resolved": "https://registry.npmjs.org/@angular/material/-/material-10.2.0.tgz",
      "integrity": "sha512-IplZVu1OpyvGYlrzkV36+5xKdwyyfl8AOykcC+jWU1MtnbTrnVmqGGF94qv7YEYN4PcVKbhSuNnz6/vPQm27ZA==",
      "requires": {
        "tslib": "^2.0.0"
      }
    },
    "bootstrap-css-only": {
      "version": "4.4.1",
      "resolved": "https://registry.npmjs.org/bootstrap-css-only/-/bootstrap-css-only-4.4.1.tgz",
      "integrity": "sha512-iBgNli7RnedBFwn6sMTQoAZ8WgIwmX4kF1rckfj+pgro5q/Q0DbLtcpfH60XoFnCXzbEJU/khC/B2EQap89mCg=="
    },
    "parse5": {
      "version": "5.1.1",
      "resolved": "https://registry.npmjs.org/parse5/-/parse5-5.1.1.tgz",
      "integrity": "sha512-ugq4DFI0Ptb+WWjAdOK16+u/nHfiIrcE+sh8kZMaM0WllQKLI9rOUq6c2b7cwPkXdzfQESqvoqK6ug7U/Yyzug=="
    },
    "tslib": {
      "version": "2.0.1",
      "resolved": "https://registry.npmjs.org/tslib/-/tslib-2.0.1.tgz",
      "integrity": "sha512-SgIkNheinmEBgx1IUNirK0TUD4X9yjjBRTqqjggWCU3pUEqIk3/Uwl3yRixYKT6WjQuGiwDv4NomL3wqRCj+CQ=="
    }
  }
}
